// !$*UTF8*$!
{
	archiveVersion = 1;
	classes = {
	};
	objectVersion = 52;
	objects = {

/* Begin PBXBuildFile section */
		7DB1A9CD0F2639174AFC7EC9 /* Pods_flixster.framework in Frameworks */ = {isa = PBXBuildFile; fileRef = 322F07F706064099F4761F10 /* Pods_flixster.framework */; };
		9107E7B326F653B100ADAF16 /* AppDelegate.swift in Sources */ = {isa = PBXBuildFile; fileRef = 9107E7B226F653B100ADAF16 /* AppDelegate.swift */; };
		9107E7B526F653B100ADAF16 /* SceneDelegate.swift in Sources */ = {isa = PBXBuildFile; fileRef = 9107E7B426F653B100ADAF16 /* SceneDelegate.swift */; };
		9107E7BA26F653B100ADAF16 /* Main.storyboard in Resources */ = {isa = PBXBuildFile; fileRef = 9107E7B826F653B100ADAF16 /* Main.storyboard */; };
		9107E7BC26F653B200ADAF16 /* Assets.xcassets in Resources */ = {isa = PBXBuildFile; fileRef = 9107E7BB26F653B200ADAF16 /* Assets.xcassets */; };
		9107E7BF26F653B200ADAF16 /* LaunchScreen.storyboard in Resources */ = {isa = PBXBuildFile; fileRef = 9107E7BD26F653B200ADAF16 /* LaunchScreen.storyboard */; };
		9107E7CA26F653B200ADAF16 /* flixsterTests.swift in Sources */ = {isa = PBXBuildFile; fileRef = 9107E7C926F653B200ADAF16 /* flixsterTests.swift */; };
		9107E7D526F653B200ADAF16 /* flixsterUITests.swift in Sources */ = {isa = PBXBuildFile; fileRef = 9107E7D426F653B200ADAF16 /* flixsterUITests.swift */; };
		915A53E726FD75F600A0E9C9 /* MoviesViewController.swift in Sources */ = {isa = PBXBuildFile; fileRef = 915A53E626FD75F600A0E9C9 /* MoviesViewController.swift */; };
		915A53E926FD7C7400A0E9C9 /* MovieCell.swift in Sources */ = {isa = PBXBuildFile; fileRef = 915A53E826FD7C7400A0E9C9 /* MovieCell.swift */; };
		915A53EC26FD806900A0E9C9 /* AlamofireImage in Frameworks */ = {isa = PBXBuildFile; productRef = 915A53EB26FD806900A0E9C9 /* AlamofireImage */; };
		D3C78612A3DD458391BAE08F /* Pods_flixsterTests.framework in Frameworks */ = {isa = PBXBuildFile; fileRef = 751F2F4BCB1B42B62DC1BBA2 /* Pods_flixsterTests.framework */; };
		E7820BD23D92DC60AAB5A15C /* Pods_flixster_flixsterUITests.framework in Frameworks */ = {isa = PBXBuildFile; fileRef = 84A847ED34636BBE5BC9C999 /* Pods_flixster_flixsterUITests.framework */; };
/* End PBXBuildFile section */

/* Begin PBXContainerItemProxy section */
		9107E7C626F653B200ADAF16 /* PBXContainerItemProxy */ = {
			isa = PBXContainerItemProxy;
			containerPortal = 9107E7A726F653B100ADAF16 /* Project object */;
			proxyType = 1;
			remoteGlobalIDString = 9107E7AE26F653B100ADAF16;
			remoteInfo = flixster;
		};
		9107E7D126F653B200ADAF16 /* PBXContainerItemProxy */ = {
			isa = PBXContainerItemProxy;
			containerPortal = 9107E7A726F653B100ADAF16 /* Project object */;
			proxyType = 1;
			remoteGlobalIDString = 9107E7AE26F653B100ADAF16;
			remoteInfo = flixster;
		};
/* End PBXContainerItemProxy section */

/* Begin PBXFileReference section */
		322F07F706064099F4761F10 /* Pods_flixster.framework */ = {isa = PBXFileReference; explicitFileType = wrapper.framework; includeInIndex = 0; path = Pods_flixster.framework; sourceTree = BUILT_PRODUCTS_DIR; };
		5944D287F01F3CCC7970A348 /* Pods-flixsterTests.release.xcconfig */ = {isa = PBXFileReference; includeInIndex = 1; lastKnownFileType = text.xcconfig; name = "Pods-flixsterTests.release.xcconfig"; path = "Target Support Files/Pods-flixsterTests/Pods-flixsterTests.release.xcconfig"; sourceTree = "<group>"; };
		5C209A24505378F049BA35D8 /* Pods-flixsterTests.debug.xcconfig */ = {isa = PBXFileReference; includeInIndex = 1; lastKnownFileType = text.xcconfig; name = "Pods-flixsterTests.debug.xcconfig"; path = "Target Support Files/Pods-flixsterTests/Pods-flixsterTests.debug.xcconfig"; sourceTree = "<group>"; };
		7314AE2FA9C2D2E2AF5C7EEB /* Pods-flixster-flixsterUITests.debug.xcconfig */ = {isa = PBXFileReference; includeInIndex = 1; lastKnownFileType = text.xcconfig; name = "Pods-flixster-flixsterUITests.debug.xcconfig"; path = "Target Support Files/Pods-flixster-flixsterUITests/Pods-flixster-flixsterUITests.debug.xcconfig"; sourceTree = "<group>"; };
		751F2F4BCB1B42B62DC1BBA2 /* Pods_flixsterTests.framework */ = {isa = PBXFileReference; explicitFileType = wrapper.framework; includeInIndex = 0; path = Pods_flixsterTests.framework; sourceTree = BUILT_PRODUCTS_DIR; };
		84A847ED34636BBE5BC9C999 /* Pods_flixster_flixsterUITests.framework */ = {isa = PBXFileReference; explicitFileType = wrapper.framework; includeInIndex = 0; path = Pods_flixster_flixsterUITests.framework; sourceTree = BUILT_PRODUCTS_DIR; };
		9107E7AF26F653B100ADAF16 /* flixster.app */ = {isa = PBXFileReference; explicitFileType = wrapper.application; includeInIndex = 0; path = flixster.app; sourceTree = BUILT_PRODUCTS_DIR; };
		9107E7B226F653B100ADAF16 /* AppDelegate.swift */ = {isa = PBXFileReference; lastKnownFileType = sourcecode.swift; path = AppDelegate.swift; sourceTree = "<group>"; };
		9107E7B426F653B100ADAF16 /* SceneDelegate.swift */ = {isa = PBXFileReference; lastKnownFileType = sourcecode.swift; path = SceneDelegate.swift; sourceTree = "<group>"; };
		9107E7B926F653B100ADAF16 /* Base */ = {isa = PBXFileReference; lastKnownFileType = file.storyboard; name = Base; path = Base.lproj/Main.storyboard; sourceTree = "<group>"; };
		9107E7BB26F653B200ADAF16 /* Assets.xcassets */ = {isa = PBXFileReference; lastKnownFileType = folder.assetcatalog; path = Assets.xcassets; sourceTree = "<group>"; };
		9107E7BE26F653B200ADAF16 /* Base */ = {isa = PBXFileReference; lastKnownFileType = file.storyboard; name = Base; path = Base.lproj/LaunchScreen.storyboard; sourceTree = "<group>"; };
		9107E7C026F653B200ADAF16 /* Info.plist */ = {isa = PBXFileReference; lastKnownFileType = text.plist.xml; path = Info.plist; sourceTree = "<group>"; };
		9107E7C526F653B200ADAF16 /* flixsterTests.xctest */ = {isa = PBXFileReference; explicitFileType = wrapper.cfbundle; includeInIndex = 0; path = flixsterTests.xctest; sourceTree = BUILT_PRODUCTS_DIR; };
		9107E7C926F653B200ADAF16 /* flixsterTests.swift */ = {isa = PBXFileReference; lastKnownFileType = sourcecode.swift; path = flixsterTests.swift; sourceTree = "<group>"; };
		9107E7CB26F653B200ADAF16 /* Info.plist */ = {isa = PBXFileReference; lastKnownFileType = text.plist.xml; path = Info.plist; sourceTree = "<group>"; };
		9107E7D026F653B200ADAF16 /* flixsterUITests.xctest */ = {isa = PBXFileReference; explicitFileType = wrapper.cfbundle; includeInIndex = 0; path = flixsterUITests.xctest; sourceTree = BUILT_PRODUCTS_DIR; };
		9107E7D426F653B200ADAF16 /* flixsterUITests.swift */ = {isa = PBXFileReference; lastKnownFileType = sourcecode.swift; path = flixsterUITests.swift; sourceTree = "<group>"; };
		9107E7D626F653B200ADAF16 /* Info.plist */ = {isa = PBXFileReference; lastKnownFileType = text.plist.xml; path = Info.plist; sourceTree = "<group>"; };
		915A53E626FD75F600A0E9C9 /* MoviesViewController.swift */ = {isa = PBXFileReference; lastKnownFileType = sourcecode.swift; path = MoviesViewController.swift; sourceTree = "<group>"; };
		915A53E826FD7C7400A0E9C9 /* MovieCell.swift */ = {isa = PBXFileReference; lastKnownFileType = sourcecode.swift; path = MovieCell.swift; sourceTree = "<group>"; };
		A2F7735237D84483633CAD0B /* Pods-flixster.release.xcconfig */ = {isa = PBXFileReference; includeInIndex = 1; lastKnownFileType = text.xcconfig; name = "Pods-flixster.release.xcconfig"; path = "Target Support Files/Pods-flixster/Pods-flixster.release.xcconfig"; sourceTree = "<group>"; };
		B666FFA982BCCEE8632F995B /* Pods-flixster.debug.xcconfig */ = {isa = PBXFileReference; includeInIndex = 1; lastKnownFileType = text.xcconfig; name = "Pods-flixster.debug.xcconfig"; path = "Target Support Files/Pods-flixster/Pods-flixster.debug.xcconfig"; sourceTree = "<group>"; };
		D4C8E96A08C58FE9493145D6 /* Pods-flixster-flixsterUITests.release.xcconfig */ = {isa = PBXFileReference; includeInIndex = 1; lastKnownFileType = text.xcconfig; name = "Pods-flixster-flixsterUITests.release.xcconfig"; path = "Target Support Files/Pods-flixster-flixsterUITests/Pods-flixster-flixsterUITests.release.xcconfig"; sourceTree = "<group>"; };
/* End PBXFileReference section */

/* Begin PBXFrameworksBuildPhase section */
		9107E7AC26F653B100ADAF16 /* Frameworks */ = {
			isa = PBXFrameworksBuildPhase;
			buildActionMask = 2147483647;
			files = (
				915A53EC26FD806900A0E9C9 /* AlamofireImage in Frameworks */,
				7DB1A9CD0F2639174AFC7EC9 /* Pods_flixster.framework in Frameworks */,
			);
			runOnlyForDeploymentPostprocessing = 0;
		};
		9107E7C226F653B200ADAF16 /* Frameworks */ = {
			isa = PBXFrameworksBuildPhase;
			buildActionMask = 2147483647;
			files = (
				D3C78612A3DD458391BAE08F /* Pods_flixsterTests.framework in Frameworks */,
			);
			runOnlyForDeploymentPostprocessing = 0;
		};
		9107E7CD26F653B200ADAF16 /* Frameworks */ = {
			isa = PBXFrameworksBuildPhase;
			buildActionMask = 2147483647;
			files = (
				E7820BD23D92DC60AAB5A15C /* Pods_flixster_flixsterUITests.framework in Frameworks */,
			);
			runOnlyForDeploymentPostprocessing = 0;
		};
/* End PBXFrameworksBuildPhase section */

/* Begin PBXGroup section */
		6DD302668BEB18CF7AD26D55 /* Frameworks */ = {
			isa = PBXGroup;
			children = (
				322F07F706064099F4761F10 /* Pods_flixster.framework */,
				84A847ED34636BBE5BC9C999 /* Pods_flixster_flixsterUITests.framework */,
				751F2F4BCB1B42B62DC1BBA2 /* Pods_flixsterTests.framework */,
			);
			name = Frameworks;
			sourceTree = "<group>";
		};
		9107E7A626F653B100ADAF16 = {
			isa = PBXGroup;
			children = (
				9107E7B126F653B100ADAF16 /* flixster */,
				9107E7C826F653B200ADAF16 /* flixsterTests */,
				9107E7D326F653B200ADAF16 /* flixsterUITests */,
				9107E7B026F653B100ADAF16 /* Products */,
				A4874A173AFE89331BC6A27D /* Pods */,
				6DD302668BEB18CF7AD26D55 /* Frameworks */,
			);
			sourceTree = "<group>";
		};
		9107E7B026F653B100ADAF16 /* Products */ = {
			isa = PBXGroup;
			children = (
				9107E7AF26F653B100ADAF16 /* flixster.app */,
				9107E7C526F653B200ADAF16 /* flixsterTests.xctest */,
				9107E7D026F653B200ADAF16 /* flixsterUITests.xctest */,
			);
			name = Products;
			sourceTree = "<group>";
		};
		9107E7B126F653B100ADAF16 /* flixster */ = {
			isa = PBXGroup;
			children = (
				9107E7B226F653B100ADAF16 /* AppDelegate.swift */,
				9107E7B426F653B100ADAF16 /* SceneDelegate.swift */,
				9107E7B826F653B100ADAF16 /* Main.storyboard */,
				915A53E826FD7C7400A0E9C9 /* MovieCell.swift */,
				915A53E626FD75F600A0E9C9 /* MoviesViewController.swift */,
				9107E7BB26F653B200ADAF16 /* Assets.xcassets */,
				9107E7BD26F653B200ADAF16 /* LaunchScreen.storyboard */,
				9107E7C026F653B200ADAF16 /* Info.plist */,
			);
			path = flixster;
			sourceTree = "<group>";
		};
		9107E7C826F653B200ADAF16 /* flixsterTests */ = {
			isa = PBXGroup;
			children = (
				9107E7C926F653B200ADAF16 /* flixsterTests.swift */,
				9107E7CB26F653B200ADAF16 /* Info.plist */,
			);
			path = flixsterTests;
			sourceTree = "<group>";
		};
		9107E7D326F653B200ADAF16 /* flixsterUITests */ = {
			isa = PBXGroup;
			children = (
				9107E7D426F653B200ADAF16 /* flixsterUITests.swift */,
				9107E7D626F653B200ADAF16 /* Info.plist */,
			);
			path = flixsterUITests;
			sourceTree = "<group>";
		};
		A4874A173AFE89331BC6A27D /* Pods */ = {
			isa = PBXGroup;
			children = (
				B666FFA982BCCEE8632F995B /* Pods-flixster.debug.xcconfig */,
				A2F7735237D84483633CAD0B /* Pods-flixster.release.xcconfig */,
				7314AE2FA9C2D2E2AF5C7EEB /* Pods-flixster-flixsterUITests.debug.xcconfig */,
				D4C8E96A08C58FE9493145D6 /* Pods-flixster-flixsterUITests.release.xcconfig */,
				5C209A24505378F049BA35D8 /* Pods-flixsterTests.debug.xcconfig */,
				5944D287F01F3CCC7970A348 /* Pods-flixsterTests.release.xcconfig */,
			);
			name = Pods;
			path = Pods;
			sourceTree = "<group>";
		};
/* End PBXGroup section */

/* Begin PBXNativeTarget section */
		9107E7AE26F653B100ADAF16 /* flixster */ = {
			isa = PBXNativeTarget;
			buildConfigurationList = 9107E7D926F653B200ADAF16 /* Build configuration list for PBXNativeTarget "flixster" */;
			buildPhases = (
				F2996D0BA232D48AEE8A3978 /* [CP] Check Pods Manifest.lock */,
				9107E7AB26F653B100ADAF16 /* Sources */,
				9107E7AC26F653B100ADAF16 /* Frameworks */,
				9107E7AD26F653B100ADAF16 /* Resources */,
				E12C21CE60F318463DBA4706 /* [CP] Embed Pods Frameworks */,
			);
			buildRules = (
			);
			dependencies = (
			);
			name = flixster;
			packageProductDependencies = (
				915A53EB26FD806900A0E9C9 /* AlamofireImage */,
			);
			productName = flixster;
			productReference = 9107E7AF26F653B100ADAF16 /* flixster.app */;
			productType = "com.apple.product-type.application";
		};
		9107E7C426F653B200ADAF16 /* flixsterTests */ = {
			isa = PBXNativeTarget;
			buildConfigurationList = 9107E7DC26F653B200ADAF16 /* Build configuration list for PBXNativeTarget "flixsterTests" */;
			buildPhases = (
				42F1D9072E7F36A5A406D020 /* [CP] Check Pods Manifest.lock */,
				9107E7C126F653B200ADAF16 /* Sources */,
				9107E7C226F653B200ADAF16 /* Frameworks */,
				9107E7C326F653B200ADAF16 /* Resources */,
			);
			buildRules = (
			);
			dependencies = (
				9107E7C726F653B200ADAF16 /* PBXTargetDependency */,
			);
			name = flixsterTests;
			productName = flixsterTests;
			productReference = 9107E7C526F653B200ADAF16 /* flixsterTests.xctest */;
			productType = "com.apple.product-type.bundle.unit-test";
		};
		9107E7CF26F653B200ADAF16 /* flixsterUITests */ = {
			isa = PBXNativeTarget;
			buildConfigurationList = 9107E7DF26F653B200ADAF16 /* Build configuration list for PBXNativeTarget "flixsterUITests" */;
			buildPhases = (
				8491011FB890B5AF2F6660D2 /* [CP] Check Pods Manifest.lock */,
				9107E7CC26F653B200ADAF16 /* Sources */,
				9107E7CD26F653B200ADAF16 /* Frameworks */,
				9107E7CE26F653B200ADAF16 /* Resources */,
				F2FD712DE665170ABDB25486 /* [CP] Embed Pods Frameworks */,
			);
			buildRules = (
			);
			dependencies = (
				9107E7D226F653B200ADAF16 /* PBXTargetDependency */,
			);
			name = flixsterUITests;
			productName = flixsterUITests;
			productReference = 9107E7D026F653B200ADAF16 /* flixsterUITests.xctest */;
			productType = "com.apple.product-type.bundle.ui-testing";
		};
/* End PBXNativeTarget section */

/* Begin PBXProject section */
		9107E7A726F653B100ADAF16 /* Project object */ = {
			isa = PBXProject;
			attributes = {
				LastSwiftUpdateCheck = 1250;
				LastUpgradeCheck = 1250;
				TargetAttributes = {
					9107E7AE26F653B100ADAF16 = {
						CreatedOnToolsVersion = 12.5.1;
					};
					9107E7C426F653B200ADAF16 = {
						CreatedOnToolsVersion = 12.5.1;
						TestTargetID = 9107E7AE26F653B100ADAF16;
					};
					9107E7CF26F653B200ADAF16 = {
						CreatedOnToolsVersion = 12.5.1;
						TestTargetID = 9107E7AE26F653B100ADAF16;
					};
				};
			};
			buildConfigurationList = 9107E7AA26F653B100ADAF16 /* Build configuration list for PBXProject "flixster" */;
			compatibilityVersion = "Xcode 9.3";
			developmentRegion = en;
			hasScannedForEncodings = 0;
			knownRegions = (
				en,
				Base,
			);
			mainGroup = 9107E7A626F653B100ADAF16;
			packageReferences = (
				915A53EA26FD806900A0E9C9 /* XCRemoteSwiftPackageReference "AlamofireImage" */,
			);
			productRefGroup = 9107E7B026F653B100ADAF16 /* Products */;
			projectDirPath = "";
			projectRoot = "";
			targets = (
				9107E7AE26F653B100ADAF16 /* flixster */,
				9107E7C426F653B200ADAF16 /* flixsterTests */,
				9107E7CF26F653B200ADAF16 /* flixsterUITests */,
			);
		};
/* End PBXProject section */

/* Begin PBXResourcesBuildPhase section */
		9107E7AD26F653B100ADAF16 /* Resources */ = {
			isa = PBXResourcesBuildPhase;
			buildActionMask = 2147483647;
			files = (
				9107E7BF26F653B200ADAF16 /* LaunchScreen.storyboard in Resources */,
				9107E7BC26F653B200ADAF16 /* Assets.xcassets in Resources */,
				9107E7BA26F653B100ADAF16 /* Main.storyboard in Resources */,
			);
			runOnlyForDeploymentPostprocessing = 0;
		};
		9107E7C326F653B200ADAF16 /* Resources */ = {
			isa = PBXResourcesBuildPhase;
			buildActionMask = 2147483647;
			files = (
			);
			runOnlyForDeploymentPostprocessing = 0;
		};
		9107E7CE26F653B200ADAF16 /* Resources */ = {
			isa = PBXResourcesBuildPhase;
			buildActionMask = 2147483647;
			files = (
			);
			runOnlyForDeploymentPostprocessing = 0;
		};
/* End PBXResourcesBuildPhase section */

/* Begin PBXShellScriptBuildPhase section */
		42F1D9072E7F36A5A406D020 /* [CP] Check Pods Manifest.lock */ = {
			isa = PBXShellScriptBuildPhase;
			buildActionMask = 2147483647;
			files = (
			);
			inputFileListPaths = (
			);
			inputPaths = (
				"${PODS_PODFILE_DIR_PATH}/Podfile.lock",
				"${PODS_ROOT}/Manifest.lock",
			);
			name = "[CP] Check Pods Manifest.lock";
			outputFileListPaths = (
			);
			outputPaths = (
				"$(DERIVED_FILE_DIR)/Pods-flixsterTests-checkManifestLockResult.txt",
			);
			runOnlyForDeploymentPostprocessing = 0;
			shellPath = /bin/sh;
			shellScript = "diff \"${PODS_PODFILE_DIR_PATH}/Podfile.lock\" \"${PODS_ROOT}/Manifest.lock\" > /dev/null\nif [ $? != 0 ] ; then\n    # print error to STDERR\n    echo \"error: The sandbox is not in sync with the Podfile.lock. Run 'pod install' or update your CocoaPods installation.\" >&2\n    exit 1\nfi\n# This output is used by Xcode 'outputs' to avoid re-running this script phase.\necho \"SUCCESS\" > \"${SCRIPT_OUTPUT_FILE_0}\"\n";
			showEnvVarsInLog = 0;
		};
		8491011FB890B5AF2F6660D2 /* [CP] Check Pods Manifest.lock */ = {
			isa = PBXShellScriptBuildPhase;
			buildActionMask = 2147483647;
			files = (
			);
			inputFileListPaths = (
			);
			inputPaths = (
				"${PODS_PODFILE_DIR_PATH}/Podfile.lock",
				"${PODS_ROOT}/Manifest.lock",
			);
			name = "[CP] Check Pods Manifest.lock";
			outputFileListPaths = (
			);
			outputPaths = (
				"$(DERIVED_FILE_DIR)/Pods-flixster-flixsterUITests-checkManifestLockResult.txt",
			);
			runOnlyForDeploymentPostprocessing = 0;
			shellPath = /bin/sh;
			shellScript = "diff \"${PODS_PODFILE_DIR_PATH}/Podfile.lock\" \"${PODS_ROOT}/Manifest.lock\" > /dev/null\nif [ $? != 0 ] ; then\n    # print error to STDERR\n    echo \"error: The sandbox is not in sync with the Podfile.lock. Run 'pod install' or update your CocoaPods installation.\" >&2\n    exit 1\nfi\n# This output is used by Xcode 'outputs' to avoid re-running this script phase.\necho \"SUCCESS\" > \"${SCRIPT_OUTPUT_FILE_0}\"\n";
			showEnvVarsInLog = 0;
		};
		E12C21CE60F318463DBA4706 /* [CP] Embed Pods Frameworks */ = {
			isa = PBXShellScriptBuildPhase;
			buildActionMask = 2147483647;
			files = (
			);
			inputFileListPaths = (
				"${PODS_ROOT}/Target Support Files/Pods-flixster/Pods-flixster-frameworks-${CONFIGURATION}-input-files.xcfilelist",
			);
			name = "[CP] Embed Pods Frameworks";
			outputFileListPaths = (
				"${PODS_ROOT}/Target Support Files/Pods-flixster/Pods-flixster-frameworks-${CONFIGURATION}-output-files.xcfilelist",
			);
			runOnlyForDeploymentPostprocessing = 0;
			shellPath = /bin/sh;
			shellScript = "\"${PODS_ROOT}/Target Support Files/Pods-flixster/Pods-flixster-frameworks.sh\"\n";
			showEnvVarsInLog = 0;
		};
		F2996D0BA232D48AEE8A3978 /* [CP] Check Pods Manifest.lock */ = {
			isa = PBXShellScriptBuildPhase;
			buildActionMask = 2147483647;
			files = (
			);
			inputFileListPaths = (
			);
			inputPaths = (
				"${PODS_PODFILE_DIR_PATH}/Podfile.lock",
				"${PODS_ROOT}/Manifest.lock",
			);
			name = "[CP] Check Pods Manifest.lock";
			outputFileListPaths = (
			);
			outputPaths = (
				"$(DERIVED_FILE_DIR)/Pods-flixster-checkManifestLockResult.txt",
			);
			runOnlyForDeploymentPostprocessing = 0;
			shellPath = /bin/sh;
			shellScript = "diff \"${PODS_PODFILE_DIR_PATH}/Podfile.lock\" \"${PODS_ROOT}/Manifest.lock\" > /dev/null\nif [ $? != 0 ] ; then\n    # print error to STDERR\n    echo \"error: The sandbox is not in sync with the Podfile.lock. Run 'pod install' or update your CocoaPods installation.\" >&2\n    exit 1\nfi\n# This output is used by Xcode 'outputs' to avoid re-running this script phase.\necho \"SUCCESS\" > \"${SCRIPT_OUTPUT_FILE_0}\"\n";
			showEnvVarsInLog = 0;
		};
		F2FD712DE665170ABDB25486 /* [CP] Embed Pods Frameworks */ = {
			isa = PBXShellScriptBuildPhase;
			buildActionMask = 2147483647;
			files = (
			);
			inputFileListPaths = (
				"${PODS_ROOT}/Target Support Files/Pods-flixster-flixsterUITests/Pods-flixster-flixsterUITests-frameworks-${CONFIGURATION}-input-files.xcfilelist",
			);
			name = "[CP] Embed Pods Frameworks";
			outputFileListPaths = (
				"${PODS_ROOT}/Target Support Files/Pods-flixster-flixsterUITests/Pods-flixster-flixsterUITests-frameworks-${CONFIGURATION}-output-files.xcfilelist",
			);
			runOnlyForDeploymentPostprocessing = 0;
			shellPath = /bin/sh;
			shellScript = "\"${PODS_ROOT}/Target Support Files/Pods-flixster-flixsterUITests/Pods-flixster-flixsterUITests-frameworks.sh\"\n";
			showEnvVarsInLog = 0;
		};
/* End PBXShellScriptBuildPhase section */

/* Begin PBXSourcesBuildPhase section */
		9107E7AB26F653B100ADAF16 /* Sources */ = {
			isa = PBXSourcesBuildPhase;
			buildActionMask = 2147483647;
			files = (
				9107E7B326F653B100ADAF16 /* AppDelegate.swift in Sources */,
				9107E7B526F653B100ADAF16 /* SceneDelegate.swift in Sources */,
				915A53E926FD7C7400A0E9C9 /* MovieCell.swift in Sources */,
				915A53E726FD75F600A0E9C9 /* MoviesViewController.swift in Sources */,
			);
			runOnlyForDeploymentPostprocessing = 0;
		};
		9107E7C126F653B200ADAF16 /* Sources */ = {
			isa = PBXSourcesBuildPhase;
			buildActionMask = 2147483647;
			files = (
				9107E7CA26F653B200ADAF16 /* flixsterTests.swift in Sources */,
			);
			runOnlyForDeploymentPostprocessing = 0;
		};
		9107E7CC26F653B200ADAF16 /* Sources */ = {
			isa = PBXSourcesBuildPhase;
			buildActionMask = 2147483647;
			files = (
				9107E7D526F653B200ADAF16 /* flixsterUITests.swift in Sources */,
			);
			runOnlyForDeploymentPostprocessing = 0;
		};
/* End PBXSourcesBuildPhase section */

/* Begin PBXTargetDependency section */
		9107E7C726F653B200ADAF16 /* PBXTargetDependency */ = {
			isa = PBXTargetDependency;
			target = 9107E7AE26F653B100ADAF16 /* flixster */;
			targetProxy = 9107E7C626F653B200ADAF16 /* PBXContainerItemProxy */;
		};
		9107E7D226F653B200ADAF16 /* PBXTargetDependency */ = {
			isa = PBXTargetDependency;
			target = 9107E7AE26F653B100ADAF16 /* flixster */;
			targetProxy = 9107E7D126F653B200ADAF16 /* PBXContainerItemProxy */;
		};
/* End PBXTargetDependency section */

/* Begin PBXVariantGroup section */
		9107E7B826F653B100ADAF16 /* Main.storyboard */ = {
			isa = PBXVariantGroup;
			children = (
				9107E7B926F653B100ADAF16 /* Base */,
			);
			name = Main.storyboard;
			sourceTree = "<group>";
		};
		9107E7BD26F653B200ADAF16 /* LaunchScreen.storyboard */ = {
			isa = PBXVariantGroup;
			children = (
				9107E7BE26F653B200ADAF16 /* Base */,
			);
			name = LaunchScreen.storyboard;
			sourceTree = "<group>";
		};
/* End PBXVariantGroup section */

/* Begin XCBuildConfiguration section */
		9107E7D726F653B200ADAF16 /* Debug */ = {
			isa = XCBuildConfiguration;
			buildSettings = {
				ALWAYS_SEARCH_USER_PATHS = NO;
				CLANG_ANALYZER_NONNULL = YES;
				CLANG_ANALYZER_NUMBER_OBJECT_CONVERSION = YES_AGGRESSIVE;
				CLANG_CXX_LANGUAGE_STANDARD = "gnu++14";
				CLANG_CXX_LIBRARY = "libc++";
				CLANG_ENABLE_MODULES = YES;
				CLANG_ENABLE_OBJC_ARC = YES;
				CLANG_ENABLE_OBJC_WEAK = YES;
				CLANG_WARN_BLOCK_CAPTURE_AUTORELEASING = YES;
				CLANG_WARN_BOOL_CONVERSION = YES;
				CLANG_WARN_COMMA = YES;
				CLANG_WARN_CONSTANT_CONVERSION = YES;
				CLANG_WARN_DEPRECATED_OBJC_IMPLEMENTATIONS = YES;
				CLANG_WARN_DIRECT_OBJC_ISA_USAGE = YES_ERROR;
				CLANG_WARN_DOCUMENTATION_COMMENTS = YES;
				CLANG_WARN_EMPTY_BODY = YES;
				CLANG_WARN_ENUM_CONVERSION = YES;
				CLANG_WARN_INFINITE_RECURSION = YES;
				CLANG_WARN_INT_CONVERSION = YES;
				CLANG_WARN_NON_LITERAL_NULL_CONVERSION = YES;
				CLANG_WARN_OBJC_IMPLICIT_RETAIN_SELF = YES;
				CLANG_WARN_OBJC_LITERAL_CONVERSION = YES;
				CLANG_WARN_OBJC_ROOT_CLASS = YES_ERROR;
				CLANG_WARN_QUOTED_INCLUDE_IN_FRAMEWORK_HEADER = YES;
				CLANG_WARN_RANGE_LOOP_ANALYSIS = YES;
				CLANG_WARN_STRICT_PROTOTYPES = YES;
				CLANG_WARN_SUSPICIOUS_MOVE = YES;
				CLANG_WARN_UNGUARDED_AVAILABILITY = YES_AGGRESSIVE;
				CLANG_WARN_UNREACHABLE_CODE = YES;
				CLANG_WARN__DUPLICATE_METHOD_MATCH = YES;
				COPY_PHASE_STRIP = NO;
				DEBUG_INFORMATION_FORMAT = dwarf;
				ENABLE_STRICT_OBJC_MSGSEND = YES;
				ENABLE_TESTABILITY = YES;
				GCC_C_LANGUAGE_STANDARD = gnu11;
				GCC_DYNAMIC_NO_PIC = NO;
				GCC_NO_COMMON_BLOCKS = YES;
				GCC_OPTIMIZATION_LEVEL = 0;
				GCC_PREPROCESSOR_DEFINITIONS = (
					"DEBUG=1",
					"$(inherited)",
				);
				GCC_WARN_64_TO_32_BIT_CONVERSION = YES;
				GCC_WARN_ABOUT_RETURN_TYPE = YES_ERROR;
				GCC_WARN_UNDECLARED_SELECTOR = YES;
				GCC_WARN_UNINITIALIZED_AUTOS = YES_AGGRESSIVE;
				GCC_WARN_UNUSED_FUNCTION = YES;
				GCC_WARN_UNUSED_VARIABLE = YES;
				IPHONEOS_DEPLOYMENT_TARGET = 14.5;
				MTL_ENABLE_DEBUG_INFO = INCLUDE_SOURCE;
				MTL_FAST_MATH = YES;
				ONLY_ACTIVE_ARCH = YES;
				SDKROOT = iphoneos;
				SWIFT_ACTIVE_COMPILATION_CONDITIONS = DEBUG;
				SWIFT_OPTIMIZATION_LEVEL = "-Onone";
			};
			name = Debug;
		};
		9107E7D826F653B200ADAF16 /* Release */ = {
			isa = XCBuildConfiguration;
			buildSettings = {
				ALWAYS_SEARCH_USER_PATHS = NO;
				CLANG_ANALYZER_NONNULL = YES;
				CLANG_ANALYZER_NUMBER_OBJECT_CONVERSION = YES_AGGRESSIVE;
				CLANG_CXX_LANGUAGE_STANDARD = "gnu++14";
				CLANG_CXX_LIBRARY = "libc++";
				CLANG_ENABLE_MODULES = YES;
				CLANG_ENABLE_OBJC_ARC = YES;
				CLANG_ENABLE_OBJC_WEAK = YES;
				CLANG_WARN_BLOCK_CAPTURE_AUTORELEASING = YES;
				CLANG_WARN_BOOL_CONVERSION = YES;
				CLANG_WARN_COMMA = YES;
				CLANG_WARN_CONSTANT_CONVERSION = YES;
				CLANG_WARN_DEPRECATED_OBJC_IMPLEMENTATIONS = YES;
				CLANG_WARN_DIRECT_OBJC_ISA_USAGE = YES_ERROR;
				CLANG_WARN_DOCUMENTATION_COMMENTS = YES;
				CLANG_WARN_EMPTY_BODY = YES;
				CLANG_WARN_ENUM_CONVERSION = YES;
				CLANG_WARN_INFINITE_RECURSION = YES;
				CLANG_WARN_INT_CONVERSION = YES;
				CLANG_WARN_NON_LITERAL_NULL_CONVERSION = YES;
				CLANG_WARN_OBJC_IMPLICIT_RETAIN_SELF = YES;
				CLANG_WARN_OBJC_LITERAL_CONVERSION = YES;
				CLANG_WARN_OBJC_ROOT_CLASS = YES_ERROR;
				CLANG_WARN_QUOTED_INCLUDE_IN_FRAMEWORK_HEADER = YES;
				CLANG_WARN_RANGE_LOOP_ANALYSIS = YES;
				CLANG_WARN_STRICT_PROTOTYPES = YES;
				CLANG_WARN_SUSPICIOUS_MOVE = YES;
				CLANG_WARN_UNGUARDED_AVAILABILITY = YES_AGGRESSIVE;
				CLANG_WARN_UNREACHABLE_CODE = YES;
				CLANG_WARN__DUPLICATE_METHOD_MATCH = YES;
				COPY_PHASE_STRIP = NO;
				DEBUG_INFORMATION_FORMAT = "dwarf-with-dsym";
				ENABLE_NS_ASSERTIONS = NO;
				ENABLE_STRICT_OBJC_MSGSEND = YES;
				GCC_C_LANGUAGE_STANDARD = gnu11;
				GCC_NO_COMMON_BLOCKS = YES;
				GCC_WARN_64_TO_32_BIT_CONVERSION = YES;
				GCC_WARN_ABOUT_RETURN_TYPE = YES_ERROR;
				GCC_WARN_UNDECLARED_SELECTOR = YES;
				GCC_WARN_UNINITIALIZED_AUTOS = YES_AGGRESSIVE;
				GCC_WARN_UNUSED_FUNCTION = YES;
				GCC_WARN_UNUSED_VARIABLE = YES;
				IPHONEOS_DEPLOYMENT_TARGET = 14.5;
				MTL_ENABLE_DEBUG_INFO = NO;
				MTL_FAST_MATH = YES;
				SDKROOT = iphoneos;
				SWIFT_COMPILATION_MODE = wholemodule;
				SWIFT_OPTIMIZATION_LEVEL = "-O";
				VALIDATE_PRODUCT = YES;
			};
			name = Release;
		};
		9107E7DA26F653B200ADAF16 /* Debug */ = {
			isa = XCBuildConfiguration;
			baseConfigurationReference = B666FFA982BCCEE8632F995B /* Pods-flixster.debug.xcconfig */;
			buildSettings = {
				ASSETCATALOG_COMPILER_APPICON_NAME = AppIcon;
				ASSETCATALOG_COMPILER_GLOBAL_ACCENT_COLOR_NAME = AccentColor;
				CODE_SIGN_STYLE = Automatic;
				DEVELOPMENT_TEAM = UGQ98739Q3;
				INFOPLIST_FILE = flixster/Info.plist;
				LD_RUNPATH_SEARCH_PATHS = (
					"$(inherited)",
					"@executable_path/Frameworks",
				);
				PRODUCT_BUNDLE_IDENTIFIER = qyc.flixster;
				PRODUCT_NAME = "$(TARGET_NAME)";
				SWIFT_VERSION = 5.0;
				TARGETED_DEVICE_FAMILY = "1,2";
			};
			name = Debug;
		};
		9107E7DB26F653B200ADAF16 /* Release */ = {
			isa = XCBuildConfiguration;
			baseConfigurationReference = A2F7735237D84483633CAD0B /* Pods-flixster.release.xcconfig */;
			buildSettings = {
				ASSETCATALOG_COMPILER_APPICON_NAME = AppIcon;
				ASSETCATALOG_COMPILER_GLOBAL_ACCENT_COLOR_NAME = AccentColor;
				CODE_SIGN_STYLE = Automatic;
				DEVELOPMENT_TEAM = UGQ98739Q3;
				INFOPLIST_FILE = flixster/Info.plist;
				LD_RUNPATH_SEARCH_PATHS = (
					"$(inherited)",
					"@executable_path/Frameworks",
				);
				PRODUCT_BUNDLE_IDENTIFIER = qyc.flixster;
				PRODUCT_NAME = "$(TARGET_NAME)";
				SWIFT_VERSION = 5.0;
				TARGETED_DEVICE_FAMILY = "1,2";
			};
			name = Release;
		};
		9107E7DD26F653B200ADAF16 /* Debug */ = {
			isa = XCBuildConfiguration;
			baseConfigurationReference = 5C209A24505378F049BA35D8 /* Pods-flixsterTests.debug.xcconfig */;
			buildSettings = {
				ALWAYS_EMBED_SWIFT_STANDARD_LIBRARIES = YES;
				BUNDLE_LOADER = "$(TEST_HOST)";
				CODE_SIGN_STYLE = Automatic;
				INFOPLIST_FILE = flixsterTests/Info.plist;
				IPHONEOS_DEPLOYMENT_TARGET = 14.5;
				LD_RUNPATH_SEARCH_PATHS = (
					"$(inherited)",
					"@executable_path/Frameworks",
					"@loader_path/Frameworks",
				);
				PRODUCT_BUNDLE_IDENTIFIER = qyc.flixsterTests;
				PRODUCT_NAME = "$(TARGET_NAME)";
				SWIFT_VERSION = 5.0;
				TARGETED_DEVICE_FAMILY = "1,2";
				TEST_HOST = "$(BUILT_PRODUCTS_DIR)/flixster.app/flixster";
			};
			name = Debug;
		};
		9107E7DE26F653B200ADAF16 /* Release */ = {
			isa = XCBuildConfiguration;
			baseConfigurationReference = 5944D287F01F3CCC7970A348 /* Pods-flixsterTests.release.xcconfig */;
			buildSettings = {
				ALWAYS_EMBED_SWIFT_STANDARD_LIBRARIES = YES;
				BUNDLE_LOADER = "$(TEST_HOST)";
				CODE_SIGN_STYLE = Automatic;
				INFOPLIST_FILE = flixsterTests/Info.plist;
				IPHONEOS_DEPLOYMENT_TARGET = 14.5;
				LD_RUNPATH_SEARCH_PATHS = (
					"$(inherited)",
					"@executable_path/Frameworks",
					"@loader_path/Frameworks",
				);
				PRODUCT_BUNDLE_IDENTIFIER = qyc.flixsterTests;
				PRODUCT_NAME = "$(TARGET_NAME)";
				SWIFT_VERSION = 5.0;
				TARGETED_DEVICE_FAMILY = "1,2";
				TEST_HOST = "$(BUILT_PRODUCTS_DIR)/flixster.app/flixster";
			};
			name = Release;
		};
		9107E7E026F653B200ADAF16 /* Debug */ = {
			isa = XCBuildConfiguration;
			baseConfigurationReference = 7314AE2FA9C2D2E2AF5C7EEB /* Pods-flixster-flixsterUITests.debug.xcconfig */;
			buildSettings = {
				ALWAYS_EMBED_SWIFT_STANDARD_LIBRARIES = YES;
				CODE_SIGN_STYLE = Automatic;
				INFOPLIST_FILE = flixsterUITests/Info.plist;
				LD_RUNPATH_SEARCH_PATHS = (
					"$(inherited)",
					"@executable_path/Frameworks",
					"@loader_path/Frameworks",
				);
				PRODUCT_BUNDLE_IDENTIFIER = qyc.flixsterUITests;
				PRODUCT_NAME = "$(TARGET_NAME)";
				SWIFT_VERSION = 5.0;
				TARGETED_DEVICE_FAMILY = "1,2";
				TEST_TARGET_NAME = flixster;
			};
			name = Debug;
		};
		9107E7E126F653B200ADAF16 /* Release */ = {
			isa = XCBuildConfiguration;
			baseConfigurationReference = D4C8E96A08C58FE9493145D6 /* Pods-flixster-flixsterUITests.release.xcconfig */;
			buildSettings = {
				ALWAYS_EMBED_SWIFT_STANDARD_LIBRARIES = YES;
				CODE_SIGN_STYLE = Automatic;
				INFOPLIST_FILE = flixsterUITests/Info.plist;
				LD_RUNPATH_SEARCH_PATHS = (
					"$(inherited)",
					"@executable_path/Frameworks",
					"@loader_path/Frameworks",
				);
				PRODUCT_BUNDLE_IDENTIFIER = qyc.flixsterUITests;
				PRODUCT_NAME = "$(TARGET_NAME)";
				SWIFT_VERSION = 5.0;
				TARGETED_DEVICE_FAMILY = "1,2";
				TEST_TARGET_NAME = flixster;
			};
			name = Release;
		};
/* End XCBuildConfiguration section */

/* Begin XCConfigurationList section */
		9107E7AA26F653B100ADAF16 /* Build configuration list for PBXProject "flixster" */ = {
			isa = XCConfigurationList;
			buildConfigurations = (
				9107E7D726F653B200ADAF16 /* Debug */,
				9107E7D826F653B200ADAF16 /* Release */,
			);
			defaultConfigurationIsVisible = 0;
			defaultConfigurationName = Release;
		};
		9107E7D926F653B200ADAF16 /* Build configuration list for PBXNativeTarget "flixster" */ = {
			isa = XCConfigurationList;
			buildConfigurations = (
				9107E7DA26F653B200ADAF16 /* Debug */,
				9107E7DB26F653B200ADAF16 /* Release */,
			);
			defaultConfigurationIsVisible = 0;
			defaultConfigurationName = Release;
		};
		9107E7DC26F653B200ADAF16 /* Build configuration list for PBXNativeTarget "flixsterTests" */ = {
			isa = XCConfigurationList;
			buildConfigurations = (
				9107E7DD26F653B200ADAF16 /* Debug */,
				9107E7DE26F653B200ADAF16 /* Release */,
			);
			defaultConfigurationIsVisible = 0;
			defaultConfigurationName = Release;
		};
		9107E7DF26F653B200ADAF16 /* Build configuration list for PBXNativeTarget "flixsterUITests" */ = {
			isa = XCConfigurationList;
			buildConfigurations = (
				9107E7E026F653B200ADAF16 /* Debug */,
				9107E7E126F653B200ADAF16 /* Release */,
			);
			defaultConfigurationIsVisible = 0;
			defaultConfigurationName = Release;
		};
/* End XCConfigurationList section */

/* Begin XCRemoteSwiftPackageReference section */
		915A53EA26FD806900A0E9C9 /* XCRemoteSwiftPackageReference "AlamofireImage" */ = {
			isa = XCRemoteSwiftPackageReference;
			repositoryURL = "https://github.com/Alamofire/AlamofireImage";
			requirement = {
				kind = upToNextMajorVersion;
				minimumVersion = 4.2.0;
			};
		};
/* End XCRemoteSwiftPackageReference section */

/* Begin XCSwiftPackageProductDependency section */
		915A53EB26FD806900A0E9C9 /* AlamofireImage */ = {
			isa = XCSwiftPackageProductDependency;
			package = 915A53EA26FD806900A0E9C9 /* XCRemoteSwiftPackageReference "AlamofireImage" */;
			productName = AlamofireImage;
		};
/* End XCSwiftPackageProductDependency section */
	};
	rootObject = 9107E7A726F653B100ADAF16 /* Project object */;
}
